
Microsoft Visual Studio Solution File, Format Version 12.00
# Visual Studio Version 17
VisualStudioVersion = 17.11.35327.3
MinimumVisualStudioVersion = 10.0.40219.1
Project("{FAE04EC0-301F-11D3-BF4B-00C04F79EFBC}") = "BlazorPaddleIntegration.SSR", "BlazorPaddleIntegration.SSR\BlazorPaddleIntegration.SSR\BlazorPaddleIntegration.SSR.csproj", "{AE38ED94-0488-4D29-91C0-F15FCF45EF93}"
EndProject
Project("{FAE04EC0-301F-11D3-BF4B-00C04F79EFBC}") = "BlazorPaddleIntegration.SSR.Client", "BlazorPaddleIntegration.SSR\BlazorPaddleIntegration.SSR.Client\BlazorPaddleIntegration.SSR.Client.csproj", "{52F7BBAB-F926-4653-ADDF-4FD06CBE09E6}"
EndProject
Global
	GlobalSection(SolutionConfigurationPlatforms) = preSolution
		Debug|Any CPU = Debug|Any CPU
		Release|Any CPU = Release|Any CPU
	EndGlobalSection
	GlobalSection(ProjectConfigurationPlatforms) = postSolution
		{AE38ED94-0488-4D29-91C0-F15FCF45EF93}.Debug|Any CPU.ActiveCfg = Debug|Any CPU
		{AE38ED94-0488-4D29-91C0-F15FCF45EF93}.Debug|Any CPU.Build.0 = Debug|Any CPU
		{AE38ED94-0488-4D29-91C0-F15FCF45EF93}.Release|Any CPU.ActiveCfg = Release|Any CPU
		{AE38ED94-0488-4D29-91C0-F15FCF45EF93}.Release|Any CPU.Build.0 = Release|Any CPU
		{52F7BBAB-F926-4653-ADDF-4FD06CBE09E6}.Debug|Any CPU.ActiveCfg = Debug|Any CPU
		{52F7BBAB-F926-4653-ADDF-4FD06CBE09E6}.Debug|Any CPU.Build.0 = Debug|Any CPU
		{52F7BBAB-F926-4653-ADDF-4FD06CBE09E6}.Release|Any CPU.ActiveCfg = Release|Any CPU
		{52F7BBAB-F926-4653-ADDF-4FD06CBE09E6}.Release|Any CPU.Build.0 = Release|Any CPU
	EndGlobalSection
	GlobalSection(SolutionProperties) = preSolution
		HideSolutionNode = FALSE
	EndGlobalSection
	GlobalSection(ExtensibilityGlobals) = postSolution
		SolutionGuid = {C780EE3B-7716-42FF-95E9-F53EBE8C9264}
	EndGlobalSection
EndGlobal
